
Microsoft Visual Studio Solution File, Format Version 12.00
# Visual Studio Version 17
VisualStudioVersion = 17.0.31903.59
MinimumVisualStudioVersion = 10.0.40219.1
Project("{2150E333-8FDC-42A3-9474-1A3956D46DE8}") = "src", "src", "{16A2E190-1503-4529-962B-AFEBAC7C8C02}"
EndProject
Project("{FAE04EC0-301F-11D3-BF4B-00C04F79EFBC}") = "Api", "src\Api\Api.csproj", "{91B84246-43C0-46F5-8E3F-FB8EC099630B}"
EndProject
Project("{2150E333-8FDC-42A3-9474-1A3956D46DE8}") = "shared", "shared", "{72FB182B-5BF8-48B8-AE6D-7F651B6B43B6}"
EndProject
Project("{FAE04EC0-301F-11D3-BF4B-00C04F79EFBC}") = "Shared.Abstractions", "src\shared\Shared.Abstractions\Shared.Abstractions.csproj", "{3E26A29E-6148-43BF-814C-F00892743FC3}"
EndProject
Project("{2150E333-8FDC-42A3-9474-1A3956D46DE8}") = "modules", "modules", "{68F7250C-CFB0-401A-AAEB-DEDB8065D86C}"
EndProject
Project("{2150E333-8FDC-42A3-9474-1A3956D46DE8}") = "SampleOnionModule", "SampleOnionModule", "{A1EF41D5-08BC-4B45-8261-ABE38EA669AE}"
EndProject
Project("{FAE04EC0-301F-11D3-BF4B-00C04F79EFBC}") = "SampleOnionModule.Abstractions", "src\modules\SampleOnionModule\SampleOnionModule.Abstractions\SampleOnionModule.Abstractions.csproj", "{B0F32577-124F-4335-9434-4FDAC4176FBE}"
EndProject
Project("{FAE04EC0-301F-11D3-BF4B-00C04F79EFBC}") = "SampleOnionModule", "src\modules\SampleOnionModule\SampleOnionModule\SampleOnionModule.csproj", "{D9947050-0923-444D-B28B-8463BC6F5D89}"
EndProject
Project("{FAE04EC0-301F-11D3-BF4B-00C04F79EFBC}") = "SampleOnionModule.AspNetCore", "src\modules\SampleOnionModule\SampleOnionModule.AspNetCore\SampleOnionModule.AspNetCore.csproj", "{6C02B178-0F0B-4C09-8E48-9A76792ED127}"
EndProject
Project("{FAE04EC0-301F-11D3-BF4B-00C04F79EFBC}") = "SampleOnionModule.Contracts", "src\modules\SampleOnionModule\SampleOnionModule.Contracts\SampleOnionModule.Contracts.csproj", "{7D12C289-1E4A-4F6C-9B5E-3FA6E8D71BC4}"
EndProject
Project("{2150E333-8FDC-42A3-9474-1A3956D46DE8}") = "SampleVerticalModule", "SampleVerticalModule", "{3C62C2F9-5CCF-A884-E452-27C10441AAC8}"
EndProject
Project("{FAE04EC0-301F-11D3-BF4B-00C04F79EFBC}") = "SampleVerticalModule.Abstractions", "src\modules\SampleVerticalModule\SampleVerticalModule.Abstractions\SampleVerticalModule.Abstractions.csproj", "{7D4CD9B8-4499-467A-B05C-483AD7E822CD}"
EndProject
Project("{FAE04EC0-301F-11D3-BF4B-00C04F79EFBC}") = "SampleVerticalModule.Contracts", "src\modules\SampleVerticalModule\SampleVerticalModule.Contracts\SampleVerticalModule.Contracts.csproj", "{719949CC-1958-4C7A-AB4B-12B3D9B8C760}"
EndProject
Project("{FAE04EC0-301F-11D3-BF4B-00C04F79EFBC}") = "SampleVerticalModule", "src\modules\SampleVerticalModule\SampleVerticalModule\SampleVerticalModule.csproj", "{44DC592D-C1ED-45FA-A74D-2F122987753C}"
EndProject
Project("{FAE04EC0-301F-11D3-BF4B-00C04F79EFBC}") = "SampleOnionModule.Grpc", "src\modules\SampleOnionModule\SampleOnionModule.Grpc\SampleOnionModule.Grpc.csproj", "{C6418F29-0F24-45BB-B346-5CFEF56F33E4}"
EndProject
Project("{FAE04EC0-301F-11D3-BF4B-00C04F79EFBC}") = "SampleOnionModule.Opal", "src\modules\SampleOnionModule\SampleOnionModule.Opal\SampleOnionModule.Opal.csproj", "{08E2470E-292A-4FBC-AFB0-B3B4272B5181}"
EndProject
Project("{FAE04EC0-301F-11D3-BF4B-00C04F79EFBC}") = "SampleVerticalModule.Opal", "src\modules\SampleVerticalModule\SampleVerticalModule.Opal\SampleVerticalModule.Opal.csproj", "{DC04857B-76F1-4506-98FC-8AB64961A8B8}"
EndProject
Project("{FAE04EC0-301F-11D3-BF4B-00C04F79EFBC}") = "Api.Tests", "src\Api.Tests\Api.Tests.csproj", "{B2B751B1-2B77-4790-90C7-3A17A072163E}"
EndProject
Project("{FAE04EC0-301F-11D3-BF4B-00C04F79EFBC}") = "SampleOnionModule.Tests", "src\modules\SampleOnionModule\SampleOnionModule.Tests\SampleOnionModule.Tests.csproj", "{3A701938-7450-4E6B-B2FC-543D0AB5F5D0}"
EndProject
Project("{FAE04EC0-301F-11D3-BF4B-00C04F79EFBC}") = "SampleVerticalModule.Tests", "src\modules\SampleVerticalModule\SampleVerticalModule.Tests\SampleVerticalModule.Tests.csproj", "{047F1600-D9C5-4299-8E66-6B4C40BAD65E}"
EndProject
Project("{FAE04EC0-301F-11D3-BF4B-00C04F79EFBC}") = "SampleOnionModule.Data.Sql", "src\modules\SampleOnionModule\SampleOnionModule.Data.Sql\SampleOnionModule.Data.Sql.csproj", "{F4FB23B2-EECF-4A0D-9DAB-34609822939B}"
EndProject
Project("{2150E333-8FDC-42A3-9474-1A3956D46DE8}") = "AcquisitionModule", "AcquisitionModule", "{02EA681E-C7D8-13C7-8484-4AC65E1B71E8}"
EndProject
Project("{FAE04EC0-301F-11D3-BF4B-00C04F79EFBC}") = "AcquisitionModule", "src\modules\AcquisitionModule\AcquisitionModule\AcquisitionModule.csproj", "{78F4CFB8-E8FD-CE2B-E137-6D04C402B87B}"
EndProject
Project("{2150E333-8FDC-42A3-9474-1A3956D46DE8}") = "EventRouterModule", "EventRouterModule", "{DEC0B064-79DE-4242-A28B-DD75A5F6D582}"
EndProject
Project("{FAE04EC0-301F-11D3-BF4B-00C04F79EFBC}") = "EventRouterModule.Contracts", "src\modules\EventRouterModule\EventRouterModule.Contracts\EventRouterModule.Contracts.csproj", "{02C9A5CB-B740-7F77-5A0C-70A6EC609F35}"
EndProject
Project("{FAE04EC0-301F-11D3-BF4B-00C04F79EFBC}") = "EventRouterModule", "src\modules\EventRouterModule\EventRouterModule\EventRouterModule.csproj", "{AA678311-2153-DE87-66CD-FCCB9D00A203}"
EndProject
Project("{FAE04EC0-301F-11D3-BF4B-00C04F79EFBC}") = "EventRouterModule.Tests", "src\modules\EventRouterModule\EventRouterModule.Tests\EventRouterModule.Tests.csproj", "{37170C49-D8E8-24E3-BDA5-EC813A378D07}"
EndProject
Global
	GlobalSection(SolutionConfigurationPlatforms) = preSolution
		Debug|Any CPU = Debug|Any CPU
		Debug|x64 = Debug|x64
		Debug|x86 = Debug|x86
		Release|Any CPU = Release|Any CPU
		Release|x64 = Release|x64
		Release|x86 = Release|x86
	EndGlobalSection
	GlobalSection(ProjectConfigurationPlatforms) = postSolution
		{91B84246-43C0-46F5-8E3F-FB8EC099630B}.Debug|Any CPU.ActiveCfg = Debug|Any CPU
		{91B84246-43C0-46F5-8E3F-FB8EC099630B}.Debug|Any CPU.Build.0 = Debug|Any CPU
		{91B84246-43C0-46F5-8E3F-FB8EC099630B}.Debug|x64.ActiveCfg = Debug|Any CPU
		{91B84246-43C0-46F5-8E3F-FB8EC099630B}.Debug|x64.Build.0 = Debug|Any CPU
		{91B84246-43C0-46F5-8E3F-FB8EC099630B}.Debug|x86.ActiveCfg = Debug|Any CPU
		{91B84246-43C0-46F5-8E3F-FB8EC099630B}.Debug|x86.Build.0 = Debug|Any CPU
		{91B84246-43C0-46F5-8E3F-FB8EC099630B}.Release|Any CPU.ActiveCfg = Release|Any CPU
		{91B84246-43C0-46F5-8E3F-FB8EC099630B}.Release|Any CPU.Build.0 = Release|Any CPU
		{91B84246-43C0-46F5-8E3F-FB8EC099630B}.Release|x64.ActiveCfg = Release|Any CPU
		{91B84246-43C0-46F5-8E3F-FB8EC099630B}.Release|x64.Build.0 = Release|Any CPU
		{91B84246-43C0-46F5-8E3F-FB8EC099630B}.Release|x86.ActiveCfg = Release|Any CPU
		{91B84246-43C0-46F5-8E3F-FB8EC099630B}.Release|x86.Build.0 = Release|Any CPU
		{3E26A29E-6148-43BF-814C-F00892743FC3}.Debug|Any CPU.ActiveCfg = Debug|Any CPU
		{3E26A29E-6148-43BF-814C-F00892743FC3}.Debug|Any CPU.Build.0 = Debug|Any CPU
		{3E26A29E-6148-43BF-814C-F00892743FC3}.Debug|x64.ActiveCfg = Debug|Any CPU
		{3E26A29E-6148-43BF-814C-F00892743FC3}.Debug|x64.Build.0 = Debug|Any CPU
		{3E26A29E-6148-43BF-814C-F00892743FC3}.Debug|x86.ActiveCfg = Debug|Any CPU
		{3E26A29E-6148-43BF-814C-F00892743FC3}.Debug|x86.Build.0 = Debug|Any CPU
		{3E26A29E-6148-43BF-814C-F00892743FC3}.Release|Any CPU.ActiveCfg = Release|Any CPU
		{3E26A29E-6148-43BF-814C-F00892743FC3}.Release|Any CPU.Build.0 = Release|Any CPU
		{3E26A29E-6148-43BF-814C-F00892743FC3}.Release|x64.ActiveCfg = Release|Any CPU
		{3E26A29E-6148-43BF-814C-F00892743FC3}.Release|x64.Build.0 = Release|Any CPU
		{3E26A29E-6148-43BF-814C-F00892743FC3}.Release|x86.ActiveCfg = Release|Any CPU
		{3E26A29E-6148-43BF-814C-F00892743FC3}.Release|x86.Build.0 = Release|Any CPU
		{B0F32577-124F-4335-9434-4FDAC4176FBE}.Debug|Any CPU.ActiveCfg = Debug|Any CPU
		{B0F32577-124F-4335-9434-4FDAC4176FBE}.Debug|Any CPU.Build.0 = Debug|Any CPU
		{B0F32577-124F-4335-9434-4FDAC4176FBE}.Debug|x64.ActiveCfg = Debug|Any CPU
		{B0F32577-124F-4335-9434-4FDAC4176FBE}.Debug|x64.Build.0 = Debug|Any CPU
		{B0F32577-124F-4335-9434-4FDAC4176FBE}.Debug|x86.ActiveCfg = Debug|Any CPU
		{B0F32577-124F-4335-9434-4FDAC4176FBE}.Debug|x86.Build.0 = Debug|Any CPU
		{B0F32577-124F-4335-9434-4FDAC4176FBE}.Release|Any CPU.ActiveCfg = Release|Any CPU
		{B0F32577-124F-4335-9434-4FDAC4176FBE}.Release|Any CPU.Build.0 = Release|Any CPU
		{B0F32577-124F-4335-9434-4FDAC4176FBE}.Release|x64.ActiveCfg = Release|Any CPU
		{B0F32577-124F-4335-9434-4FDAC4176FBE}.Release|x64.Build.0 = Release|Any CPU
		{B0F32577-124F-4335-9434-4FDAC4176FBE}.Release|x86.ActiveCfg = Release|Any CPU
		{B0F32577-124F-4335-9434-4FDAC4176FBE}.Release|x86.Build.0 = Release|Any CPU
		{D9947050-0923-444D-B28B-8463BC6F5D89}.Debug|Any CPU.ActiveCfg = Debug|Any CPU
		{D9947050-0923-444D-B28B-8463BC6F5D89}.Debug|Any CPU.Build.0 = Debug|Any CPU
		{D9947050-0923-444D-B28B-8463BC6F5D89}.Debug|x64.ActiveCfg = Debug|Any CPU
		{D9947050-0923-444D-B28B-8463BC6F5D89}.Debug|x64.Build.0 = Debug|Any CPU
		{D9947050-0923-444D-B28B-8463BC6F5D89}.Debug|x86.ActiveCfg = Debug|Any CPU
		{D9947050-0923-444D-B28B-8463BC6F5D89}.Debug|x86.Build.0 = Debug|Any CPU
		{D9947050-0923-444D-B28B-8463BC6F5D89}.Release|Any CPU.ActiveCfg = Release|Any CPU
		{D9947050-0923-444D-B28B-8463BC6F5D89}.Release|Any CPU.Build.0 = Release|Any CPU
		{D9947050-0923-444D-B28B-8463BC6F5D89}.Release|x64.ActiveCfg = Release|Any CPU
		{D9947050-0923-444D-B28B-8463BC6F5D89}.Release|x64.Build.0 = Release|Any CPU
		{D9947050-0923-444D-B28B-8463BC6F5D89}.Release|x86.ActiveCfg = Release|Any CPU
		{D9947050-0923-444D-B28B-8463BC6F5D89}.Release|x86.Build.0 = Release|Any CPU
		{6C02B178-0F0B-4C09-8E48-9A76792ED127}.Debug|Any CPU.ActiveCfg = Debug|Any CPU
		{6C02B178-0F0B-4C09-8E48-9A76792ED127}.Debug|Any CPU.Build.0 = Debug|Any CPU
		{6C02B178-0F0B-4C09-8E48-9A76792ED127}.Debug|x64.ActiveCfg = Debug|Any CPU
		{6C02B178-0F0B-4C09-8E48-9A76792ED127}.Debug|x64.Build.0 = Debug|Any CPU
		{6C02B178-0F0B-4C09-8E48-9A76792ED127}.Debug|x86.ActiveCfg = Debug|Any CPU
		{6C02B178-0F0B-4C09-8E48-9A76792ED127}.Debug|x86.Build.0 = Debug|Any CPU
		{6C02B178-0F0B-4C09-8E48-9A76792ED127}.Release|Any CPU.ActiveCfg = Release|Any CPU
		{6C02B178-0F0B-4C09-8E48-9A76792ED127}.Release|Any CPU.Build.0 = Release|Any CPU
		{6C02B178-0F0B-4C09-8E48-9A76792ED127}.Release|x64.ActiveCfg = Release|Any CPU
		{6C02B178-0F0B-4C09-8E48-9A76792ED127}.Release|x64.Build.0 = Release|Any CPU
		{6C02B178-0F0B-4C09-8E48-9A76792ED127}.Release|x86.ActiveCfg = Release|Any CPU
		{6C02B178-0F0B-4C09-8E48-9A76792ED127}.Release|x86.Build.0 = Release|Any CPU
		{7D12C289-1E4A-4F6C-9B5E-3FA6E8D71BC4}.Debug|Any CPU.ActiveCfg = Debug|Any CPU
		{7D12C289-1E4A-4F6C-9B5E-3FA6E8D71BC4}.Debug|Any CPU.Build.0 = Debug|Any CPU
		{7D12C289-1E4A-4F6C-9B5E-3FA6E8D71BC4}.Debug|x64.ActiveCfg = Debug|Any CPU
		{7D12C289-1E4A-4F6C-9B5E-3FA6E8D71BC4}.Debug|x64.Build.0 = Debug|Any CPU
		{7D12C289-1E4A-4F6C-9B5E-3FA6E8D71BC4}.Debug|x86.ActiveCfg = Debug|Any CPU
		{7D12C289-1E4A-4F6C-9B5E-3FA6E8D71BC4}.Debug|x86.Build.0 = Debug|Any CPU
		{7D12C289-1E4A-4F6C-9B5E-3FA6E8D71BC4}.Release|Any CPU.ActiveCfg = Release|Any CPU
		{7D12C289-1E4A-4F6C-9B5E-3FA6E8D71BC4}.Release|Any CPU.Build.0 = Release|Any CPU
		{7D12C289-1E4A-4F6C-9B5E-3FA6E8D71BC4}.Release|x64.ActiveCfg = Release|Any CPU
		{7D12C289-1E4A-4F6C-9B5E-3FA6E8D71BC4}.Release|x64.Build.0 = Release|Any CPU
		{7D12C289-1E4A-4F6C-9B5E-3FA6E8D71BC4}.Release|x86.ActiveCfg = Release|Any CPU
		{7D12C289-1E4A-4F6C-9B5E-3FA6E8D71BC4}.Release|x86.Build.0 = Release|Any CPU
		{7D4CD9B8-4499-467A-B05C-483AD7E822CD}.Debug|Any CPU.ActiveCfg = Debug|Any CPU
		{7D4CD9B8-4499-467A-B05C-483AD7E822CD}.Debug|Any CPU.Build.0 = Debug|Any CPU
		{7D4CD9B8-4499-467A-B05C-483AD7E822CD}.Debug|x64.ActiveCfg = Debug|Any CPU
		{7D4CD9B8-4499-467A-B05C-483AD7E822CD}.Debug|x64.Build.0 = Debug|Any CPU
		{7D4CD9B8-4499-467A-B05C-483AD7E822CD}.Debug|x86.ActiveCfg = Debug|Any CPU
		{7D4CD9B8-4499-467A-B05C-483AD7E822CD}.Debug|x86.Build.0 = Debug|Any CPU
		{7D4CD9B8-4499-467A-B05C-483AD7E822CD}.Release|Any CPU.ActiveCfg = Release|Any CPU
		{7D4CD9B8-4499-467A-B05C-483AD7E822CD}.Release|Any CPU.Build.0 = Release|Any CPU
		{7D4CD9B8-4499-467A-B05C-483AD7E822CD}.Release|x64.ActiveCfg = Release|Any CPU
		{7D4CD9B8-4499-467A-B05C-483AD7E822CD}.Release|x64.Build.0 = Release|Any CPU
		{7D4CD9B8-4499-467A-B05C-483AD7E822CD}.Release|x86.ActiveCfg = Release|Any CPU
		{7D4CD9B8-4499-467A-B05C-483AD7E822CD}.Release|x86.Build.0 = Release|Any CPU
		{719949CC-1958-4C7A-AB4B-12B3D9B8C760}.Debug|Any CPU.ActiveCfg = Debug|Any CPU
		{719949CC-1958-4C7A-AB4B-12B3D9B8C760}.Debug|Any CPU.Build.0 = Debug|Any CPU
		{719949CC-1958-4C7A-AB4B-12B3D9B8C760}.Debug|x64.ActiveCfg = Debug|Any CPU
		{719949CC-1958-4C7A-AB4B-12B3D9B8C760}.Debug|x64.Build.0 = Debug|Any CPU
		{719949CC-1958-4C7A-AB4B-12B3D9B8C760}.Debug|x86.ActiveCfg = Debug|Any CPU
		{719949CC-1958-4C7A-AB4B-12B3D9B8C760}.Debug|x86.Build.0 = Debug|Any CPU
		{719949CC-1958-4C7A-AB4B-12B3D9B8C760}.Release|Any CPU.ActiveCfg = Release|Any CPU
		{719949CC-1958-4C7A-AB4B-12B3D9B8C760}.Release|Any CPU.Build.0 = Release|Any CPU
		{719949CC-1958-4C7A-AB4B-12B3D9B8C760}.Release|x64.ActiveCfg = Release|Any CPU
		{719949CC-1958-4C7A-AB4B-12B3D9B8C760}.Release|x64.Build.0 = Release|Any CPU
		{719949CC-1958-4C7A-AB4B-12B3D9B8C760}.Release|x86.ActiveCfg = Release|Any CPU
		{719949CC-1958-4C7A-AB4B-12B3D9B8C760}.Release|x86.Build.0 = Release|Any CPU
		{44DC592D-C1ED-45FA-A74D-2F122987753C}.Debug|Any CPU.ActiveCfg = Debug|Any CPU
		{44DC592D-C1ED-45FA-A74D-2F122987753C}.Debug|Any CPU.Build.0 = Debug|Any CPU
		{44DC592D-C1ED-45FA-A74D-2F122987753C}.Debug|x64.ActiveCfg = Debug|Any CPU
		{44DC592D-C1ED-45FA-A74D-2F122987753C}.Debug|x64.Build.0 = Debug|Any CPU
		{44DC592D-C1ED-45FA-A74D-2F122987753C}.Debug|x86.ActiveCfg = Debug|Any CPU
		{44DC592D-C1ED-45FA-A74D-2F122987753C}.Debug|x86.Build.0 = Debug|Any CPU
		{44DC592D-C1ED-45FA-A74D-2F122987753C}.Release|Any CPU.ActiveCfg = Release|Any CPU
		{44DC592D-C1ED-45FA-A74D-2F122987753C}.Release|Any CPU.Build.0 = Release|Any CPU
		{44DC592D-C1ED-45FA-A74D-2F122987753C}.Release|x64.ActiveCfg = Release|Any CPU
		{44DC592D-C1ED-45FA-A74D-2F122987753C}.Release|x64.Build.0 = Release|Any CPU
		{44DC592D-C1ED-45FA-A74D-2F122987753C}.Release|x86.ActiveCfg = Release|Any CPU
		{44DC592D-C1ED-45FA-A74D-2F122987753C}.Release|x86.Build.0 = Release|Any CPU
		{C6418F29-0F24-45BB-B346-5CFEF56F33E4}.Debug|Any CPU.ActiveCfg = Debug|Any CPU
		{C6418F29-0F24-45BB-B346-5CFEF56F33E4}.Debug|Any CPU.Build.0 = Debug|Any CPU
		{C6418F29-0F24-45BB-B346-5CFEF56F33E4}.Debug|x64.ActiveCfg = Debug|Any CPU
		{C6418F29-0F24-45BB-B346-5CFEF56F33E4}.Debug|x64.Build.0 = Debug|Any CPU
		{C6418F29-0F24-45BB-B346-5CFEF56F33E4}.Debug|x86.ActiveCfg = Debug|Any CPU
		{C6418F29-0F24-45BB-B346-5CFEF56F33E4}.Debug|x86.Build.0 = Debug|Any CPU
		{C6418F29-0F24-45BB-B346-5CFEF56F33E4}.Release|Any CPU.ActiveCfg = Release|Any CPU
		{C6418F29-0F24-45BB-B346-5CFEF56F33E4}.Release|Any CPU.Build.0 = Release|Any CPU
		{C6418F29-0F24-45BB-B346-5CFEF56F33E4}.Release|x64.ActiveCfg = Release|Any CPU
		{C6418F29-0F24-45BB-B346-5CFEF56F33E4}.Release|x64.Build.0 = Release|Any CPU
		{C6418F29-0F24-45BB-B346-5CFEF56F33E4}.Release|x86.ActiveCfg = Release|Any CPU
		{C6418F29-0F24-45BB-B346-5CFEF56F33E4}.Release|x86.Build.0 = Release|Any CPU
		{08E2470E-292A-4FBC-AFB0-B3B4272B5181}.Debug|Any CPU.ActiveCfg = Debug|Any CPU
		{08E2470E-292A-4FBC-AFB0-B3B4272B5181}.Debug|Any CPU.Build.0 = Debug|Any CPU
		{08E2470E-292A-4FBC-AFB0-B3B4272B5181}.Debug|x64.ActiveCfg = Debug|Any CPU
		{08E2470E-292A-4FBC-AFB0-B3B4272B5181}.Debug|x64.Build.0 = Debug|Any CPU
		{08E2470E-292A-4FBC-AFB0-B3B4272B5181}.Debug|x86.ActiveCfg = Debug|Any CPU
		{08E2470E-292A-4FBC-AFB0-B3B4272B5181}.Debug|x86.Build.0 = Debug|Any CPU
		{08E2470E-292A-4FBC-AFB0-B3B4272B5181}.Release|Any CPU.ActiveCfg = Release|Any CPU
		{08E2470E-292A-4FBC-AFB0-B3B4272B5181}.Release|Any CPU.Build.0 = Release|Any CPU
		{08E2470E-292A-4FBC-AFB0-B3B4272B5181}.Release|x64.ActiveCfg = Release|Any CPU
		{08E2470E-292A-4FBC-AFB0-B3B4272B5181}.Release|x64.Build.0 = Release|Any CPU
		{08E2470E-292A-4FBC-AFB0-B3B4272B5181}.Release|x86.ActiveCfg = Release|Any CPU
		{08E2470E-292A-4FBC-AFB0-B3B4272B5181}.Release|x86.Build.0 = Release|Any CPU
		{DC04857B-76F1-4506-98FC-8AB64961A8B8}.Debug|Any CPU.ActiveCfg = Debug|Any CPU
		{DC04857B-76F1-4506-98FC-8AB64961A8B8}.Debug|Any CPU.Build.0 = Debug|Any CPU
		{DC04857B-76F1-4506-98FC-8AB64961A8B8}.Debug|x64.ActiveCfg = Debug|Any CPU
		{DC04857B-76F1-4506-98FC-8AB64961A8B8}.Debug|x64.Build.0 = Debug|Any CPU
		{DC04857B-76F1-4506-98FC-8AB64961A8B8}.Debug|x86.ActiveCfg = Debug|Any CPU
		{DC04857B-76F1-4506-98FC-8AB64961A8B8}.Debug|x86.Build.0 = Debug|Any CPU
		{DC04857B-76F1-4506-98FC-8AB64961A8B8}.Release|Any CPU.ActiveCfg = Release|Any CPU
		{DC04857B-76F1-4506-98FC-8AB64961A8B8}.Release|Any CPU.Build.0 = Release|Any CPU
		{DC04857B-76F1-4506-98FC-8AB64961A8B8}.Release|x64.ActiveCfg = Release|Any CPU
		{DC04857B-76F1-4506-98FC-8AB64961A8B8}.Release|x64.Build.0 = Release|Any CPU
		{DC04857B-76F1-4506-98FC-8AB64961A8B8}.Release|x86.ActiveCfg = Release|Any CPU
		{DC04857B-76F1-4506-98FC-8AB64961A8B8}.Release|x86.Build.0 = Release|Any CPU
		{B2B751B1-2B77-4790-90C7-3A17A072163E}.Debug|Any CPU.ActiveCfg = Debug|Any CPU
		{B2B751B1-2B77-4790-90C7-3A17A072163E}.Debug|Any CPU.Build.0 = Debug|Any CPU
		{B2B751B1-2B77-4790-90C7-3A17A072163E}.Debug|x64.ActiveCfg = Debug|Any CPU
		{B2B751B1-2B77-4790-90C7-3A17A072163E}.Debug|x64.Build.0 = Debug|Any CPU
		{B2B751B1-2B77-4790-90C7-3A17A072163E}.Debug|x86.ActiveCfg = Debug|Any CPU
		{B2B751B1-2B77-4790-90C7-3A17A072163E}.Debug|x86.Build.0 = Debug|Any CPU
		{B2B751B1-2B77-4790-90C7-3A17A072163E}.Release|Any CPU.ActiveCfg = Release|Any CPU
		{B2B751B1-2B77-4790-90C7-3A17A072163E}.Release|Any CPU.Build.0 = Release|Any CPU
		{B2B751B1-2B77-4790-90C7-3A17A072163E}.Release|x64.ActiveCfg = Release|Any CPU
		{B2B751B1-2B77-4790-90C7-3A17A072163E}.Release|x64.Build.0 = Release|Any CPU
		{B2B751B1-2B77-4790-90C7-3A17A072163E}.Release|x86.ActiveCfg = Release|Any CPU
		{B2B751B1-2B77-4790-90C7-3A17A072163E}.Release|x86.Build.0 = Release|Any CPU
		{3A701938-7450-4E6B-B2FC-543D0AB5F5D0}.Debug|Any CPU.ActiveCfg = Debug|Any CPU
		{3A701938-7450-4E6B-B2FC-543D0AB5F5D0}.Debug|Any CPU.Build.0 = Debug|Any CPU
		{3A701938-7450-4E6B-B2FC-543D0AB5F5D0}.Debug|x64.ActiveCfg = Debug|Any CPU
		{3A701938-7450-4E6B-B2FC-543D0AB5F5D0}.Debug|x64.Build.0 = Debug|Any CPU
		{3A701938-7450-4E6B-B2FC-543D0AB5F5D0}.Debug|x86.ActiveCfg = Debug|Any CPU
		{3A701938-7450-4E6B-B2FC-543D0AB5F5D0}.Debug|x86.Build.0 = Debug|Any CPU
		{3A701938-7450-4E6B-B2FC-543D0AB5F5D0}.Release|Any CPU.ActiveCfg = Release|Any CPU
		{3A701938-7450-4E6B-B2FC-543D0AB5F5D0}.Release|Any CPU.Build.0 = Release|Any CPU
		{3A701938-7450-4E6B-B2FC-543D0AB5F5D0}.Release|x64.ActiveCfg = Release|Any CPU
		{3A701938-7450-4E6B-B2FC-543D0AB5F5D0}.Release|x64.Build.0 = Release|Any CPU
		{3A701938-7450-4E6B-B2FC-543D0AB5F5D0}.Release|x86.ActiveCfg = Release|Any CPU
		{3A701938-7450-4E6B-B2FC-543D0AB5F5D0}.Release|x86.Build.0 = Release|Any CPU
		{047F1600-D9C5-4299-8E66-6B4C40BAD65E}.Debug|Any CPU.ActiveCfg = Debug|Any CPU
		{047F1600-D9C5-4299-8E66-6B4C40BAD65E}.Debug|Any CPU.Build.0 = Debug|Any CPU
		{047F1600-D9C5-4299-8E66-6B4C40BAD65E}.Debug|x64.ActiveCfg = Debug|Any CPU
		{047F1600-D9C5-4299-8E66-6B4C40BAD65E}.Debug|x64.Build.0 = Debug|Any CPU
		{047F1600-D9C5-4299-8E66-6B4C40BAD65E}.Debug|x86.ActiveCfg = Debug|Any CPU
		{047F1600-D9C5-4299-8E66-6B4C40BAD65E}.Debug|x86.Build.0 = Debug|Any CPU
		{047F1600-D9C5-4299-8E66-6B4C40BAD65E}.Release|Any CPU.ActiveCfg = Release|Any CPU
		{047F1600-D9C5-4299-8E66-6B4C40BAD65E}.Release|Any CPU.Build.0 = Release|Any CPU
		{047F1600-D9C5-4299-8E66-6B4C40BAD65E}.Release|x64.ActiveCfg = Release|Any CPU
		{047F1600-D9C5-4299-8E66-6B4C40BAD65E}.Release|x64.Build.0 = Release|Any CPU
		{047F1600-D9C5-4299-8E66-6B4C40BAD65E}.Release|x86.ActiveCfg = Release|Any CPU
		{047F1600-D9C5-4299-8E66-6B4C40BAD65E}.Release|x86.Build.0 = Release|Any CPU
		{F4FB23B2-EECF-4A0D-9DAB-34609822939B}.Debug|Any CPU.ActiveCfg = Debug|Any CPU
		{F4FB23B2-EECF-4A0D-9DAB-34609822939B}.Debug|Any CPU.Build.0 = Debug|Any CPU
		{F4FB23B2-EECF-4A0D-9DAB-34609822939B}.Debug|x64.ActiveCfg = Debug|Any CPU
		{F4FB23B2-EECF-4A0D-9DAB-34609822939B}.Debug|x64.Build.0 = Debug|Any CPU
		{F4FB23B2-EECF-4A0D-9DAB-34609822939B}.Debug|x86.ActiveCfg = Debug|Any CPU
		{F4FB23B2-EECF-4A0D-9DAB-34609822939B}.Debug|x86.Build.0 = Debug|Any CPU
		{F4FB23B2-EECF-4A0D-9DAB-34609822939B}.Release|Any CPU.ActiveCfg = Release|Any CPU
		{F4FB23B2-EECF-4A0D-9DAB-34609822939B}.Release|Any CPU.Build.0 = Release|Any CPU
		{F4FB23B2-EECF-4A0D-9DAB-34609822939B}.Release|x64.ActiveCfg = Release|Any CPU
		{F4FB23B2-EECF-4A0D-9DAB-34609822939B}.Release|x64.Build.0 = Release|Any CPU
		{F4FB23B2-EECF-4A0D-9DAB-34609822939B}.Release|x86.ActiveCfg = Release|Any CPU
		{F4FB23B2-EECF-4A0D-9DAB-34609822939B}.Release|x86.Build.0 = Release|Any CPU
		{78F4CFB8-E8FD-CE2B-E137-6D04C402B87B}.Debug|Any CPU.ActiveCfg = Debug|Any CPU
		{78F4CFB8-E8FD-CE2B-E137-6D04C402B87B}.Debug|Any CPU.Build.0 = Debug|Any CPU
		{78F4CFB8-E8FD-CE2B-E137-6D04C402B87B}.Debug|x64.ActiveCfg = Debug|Any CPU
		{78F4CFB8-E8FD-CE2B-E137-6D04C402B87B}.Debug|x64.Build.0 = Debug|Any CPU
		{78F4CFB8-E8FD-CE2B-E137-6D04C402B87B}.Debug|x86.ActiveCfg = Debug|Any CPU
		{78F4CFB8-E8FD-CE2B-E137-6D04C402B87B}.Debug|x86.Build.0 = Debug|Any CPU
		{78F4CFB8-E8FD-CE2B-E137-6D04C402B87B}.Release|Any CPU.ActiveCfg = Release|Any CPU
		{78F4CFB8-E8FD-CE2B-E137-6D04C402B87B}.Release|Any CPU.Build.0 = Release|Any CPU
		{78F4CFB8-E8FD-CE2B-E137-6D04C402B87B}.Release|x64.ActiveCfg = Release|Any CPU
		{78F4CFB8-E8FD-CE2B-E137-6D04C402B87B}.Release|x64.Build.0 = Release|Any CPU
		{78F4CFB8-E8FD-CE2B-E137-6D04C402B87B}.Release|x86.ActiveCfg = Release|Any CPU
		{78F4CFB8-E8FD-CE2B-E137-6D04C402B87B}.Release|x86.Build.0 = Release|Any CPU
		{02C9A5CB-B740-7F77-5A0C-70A6EC609F35}.Debug|Any CPU.ActiveCfg = Debug|Any CPU
		{02C9A5CB-B740-7F77-5A0C-70A6EC609F35}.Debug|Any CPU.Build.0 = Debug|Any CPU
		{02C9A5CB-B740-7F77-5A0C-70A6EC609F35}.Debug|x64.ActiveCfg = Debug|Any CPU
		{02C9A5CB-B740-7F77-5A0C-70A6EC609F35}.Debug|x64.Build.0 = Debug|Any CPU
		{02C9A5CB-B740-7F77-5A0C-70A6EC609F35}.Debug|x86.ActiveCfg = Debug|Any CPU
		{02C9A5CB-B740-7F77-5A0C-70A6EC609F35}.Debug|x86.Build.0 = Debug|Any CPU
		{02C9A5CB-B740-7F77-5A0C-70A6EC609F35}.Release|Any CPU.ActiveCfg = Release|Any CPU
		{02C9A5CB-B740-7F77-5A0C-70A6EC609F35}.Release|Any CPU.Build.0 = Release|Any CPU
		{02C9A5CB-B740-7F77-5A0C-70A6EC609F35}.Release|x64.ActiveCfg = Release|Any CPU
		{02C9A5CB-B740-7F77-5A0C-70A6EC609F35}.Release|x64.Build.0 = Release|Any CPU
		{02C9A5CB-B740-7F77-5A0C-70A6EC609F35}.Release|x86.ActiveCfg = Release|Any CPU
		{02C9A5CB-B740-7F77-5A0C-70A6EC609F35}.Release|x86.Build.0 = Release|Any CPU
		{AA678311-2153-DE87-66CD-FCCB9D00A203}.Debug|Any CPU.ActiveCfg = Debug|Any CPU
		{AA678311-2153-DE87-66CD-FCCB9D00A203}.Debug|Any CPU.Build.0 = Debug|Any CPU
		{AA678311-2153-DE87-66CD-FCCB9D00A203}.Debug|x64.ActiveCfg = Debug|Any CPU
		{AA678311-2153-DE87-66CD-FCCB9D00A203}.Debug|x64.Build.0 = Debug|Any CPU
		{AA678311-2153-DE87-66CD-FCCB9D00A203}.Debug|x86.ActiveCfg = Debug|Any CPU
		{AA678311-2153-DE87-66CD-FCCB9D00A203}.Debug|x86.Build.0 = Debug|Any CPU
		{AA678311-2153-DE87-66CD-FCCB9D00A203}.Release|Any CPU.ActiveCfg = Release|Any CPU
		{AA678311-2153-DE87-66CD-FCCB9D00A203}.Release|Any CPU.Build.0 = Release|Any CPU
		{AA678311-2153-DE87-66CD-FCCB9D00A203}.Release|x64.ActiveCfg = Release|Any CPU
		{AA678311-2153-DE87-66CD-FCCB9D00A203}.Release|x64.Build.0 = Release|Any CPU
		{AA678311-2153-DE87-66CD-FCCB9D00A203}.Release|x86.ActiveCfg = Release|Any CPU
		{AA678311-2153-DE87-66CD-FCCB9D00A203}.Release|x86.Build.0 = Release|Any CPU
		{37170C49-D8E8-24E3-BDA5-EC813A378D07}.Debug|Any CPU.ActiveCfg = Debug|Any CPU
		{37170C49-D8E8-24E3-BDA5-EC813A378D07}.Debug|Any CPU.Build.0 = Debug|Any CPU
		{37170C49-D8E8-24E3-BDA5-EC813A378D07}.Debug|x64.ActiveCfg = Debug|Any CPU
		{37170C49-D8E8-24E3-BDA5-EC813A378D07}.Debug|x64.Build.0 = Debug|Any CPU
		{37170C49-D8E8-24E3-BDA5-EC813A378D07}.Debug|x86.ActiveCfg = Debug|Any CPU
		{37170C49-D8E8-24E3-BDA5-EC813A378D07}.Debug|x86.Build.0 = Debug|Any CPU
		{37170C49-D8E8-24E3-BDA5-EC813A378D07}.Release|Any CPU.ActiveCfg = Release|Any CPU
		{37170C49-D8E8-24E3-BDA5-EC813A378D07}.Release|Any CPU.Build.0 = Release|Any CPU
		{37170C49-D8E8-24E3-BDA5-EC813A378D07}.Release|x64.ActiveCfg = Release|Any CPU
		{37170C49-D8E8-24E3-BDA5-EC813A378D07}.Release|x64.Build.0 = Release|Any CPU
		{37170C49-D8E8-24E3-BDA5-EC813A378D07}.Release|x86.ActiveCfg = Release|Any CPU
		{37170C49-D8E8-24E3-BDA5-EC813A378D07}.Release|x86.Build.0 = Release|Any CPU
	EndGlobalSection
	GlobalSection(SolutionProperties) = preSolution
		HideSolutionNode = FALSE
	EndGlobalSection
	GlobalSection(NestedProjects) = preSolution
		{91B84246-43C0-46F5-8E3F-FB8EC099630B} = {16A2E190-1503-4529-962B-AFEBAC7C8C02}
		{72FB182B-5BF8-48B8-AE6D-7F651B6B43B6} = {16A2E190-1503-4529-962B-AFEBAC7C8C02}
		{3E26A29E-6148-43BF-814C-F00892743FC3} = {72FB182B-5BF8-48B8-AE6D-7F651B6B43B6}
		{68F7250C-CFB0-401A-AAEB-DEDB8065D86C} = {16A2E190-1503-4529-962B-AFEBAC7C8C02}
		{A1EF41D5-08BC-4B45-8261-ABE38EA669AE} = {68F7250C-CFB0-401A-AAEB-DEDB8065D86C}
		{B0F32577-124F-4335-9434-4FDAC4176FBE} = {A1EF41D5-08BC-4B45-8261-ABE38EA669AE}
		{D9947050-0923-444D-B28B-8463BC6F5D89} = {A1EF41D5-08BC-4B45-8261-ABE38EA669AE}
		{6C02B178-0F0B-4C09-8E48-9A76792ED127} = {A1EF41D5-08BC-4B45-8261-ABE38EA669AE}
		{7D12C289-1E4A-4F6C-9B5E-3FA6E8D71BC4} = {A1EF41D5-08BC-4B45-8261-ABE38EA669AE}
		{3C62C2F9-5CCF-A884-E452-27C10441AAC8} = {68F7250C-CFB0-401A-AAEB-DEDB8065D86C}
		{7D4CD9B8-4499-467A-B05C-483AD7E822CD} = {3C62C2F9-5CCF-A884-E452-27C10441AAC8}
		{719949CC-1958-4C7A-AB4B-12B3D9B8C760} = {3C62C2F9-5CCF-A884-E452-27C10441AAC8}
		{44DC592D-C1ED-45FA-A74D-2F122987753C} = {3C62C2F9-5CCF-A884-E452-27C10441AAC8}
		{C6418F29-0F24-45BB-B346-5CFEF56F33E4} = {A1EF41D5-08BC-4B45-8261-ABE38EA669AE}
		{08E2470E-292A-4FBC-AFB0-B3B4272B5181} = {A1EF41D5-08BC-4B45-8261-ABE38EA669AE}
		{DC04857B-76F1-4506-98FC-8AB64961A8B8} = {3C62C2F9-5CCF-A884-E452-27C10441AAC8}
		{B2B751B1-2B77-4790-90C7-3A17A072163E} = {16A2E190-1503-4529-962B-AFEBAC7C8C02}
		{3A701938-7450-4E6B-B2FC-543D0AB5F5D0} = {A1EF41D5-08BC-4B45-8261-ABE38EA669AE}
		{047F1600-D9C5-4299-8E66-6B4C40BAD65E} = {3C62C2F9-5CCF-A884-E452-27C10441AAC8}
		{F4FB23B2-EECF-4A0D-9DAB-34609822939B} = {A1EF41D5-08BC-4B45-8261-ABE38EA669AE}
		{02EA681E-C7D8-13C7-8484-4AC65E1B71E8} = {68F7250C-CFB0-401A-AAEB-DEDB8065D86C}
		{78F4CFB8-E8FD-CE2B-E137-6D04C402B87B} = {02EA681E-C7D8-13C7-8484-4AC65E1B71E8}
		{DEC0B064-79DE-4242-A28B-DD75A5F6D582} = {68F7250C-CFB0-401A-AAEB-DEDB8065D86C}
		{02C9A5CB-B740-7F77-5A0C-70A6EC609F35} = {DEC0B064-79DE-4242-A28B-DD75A5F6D582}
		{AA678311-2153-DE87-66CD-FCCB9D00A203} = {DEC0B064-79DE-4242-A28B-DD75A5F6D582}
		{37170C49-D8E8-24E3-BDA5-EC813A378D07} = {DEC0B064-79DE-4242-A28B-DD75A5F6D582}
	EndGlobalSection
	GlobalSection(ExtensibilityGlobals) = postSolution
		SolutionGuid = {51CA47F2-E6CB-4810-AFE5-FD1E0401E12A}
	EndGlobalSection
EndGlobal
